{
    "_readme": [
        "This file locks the dependencies of your project to a known state",
        "Read more about it at https://getcomposer.org/doc/01-basic-usage.md#installing-dependencies",
        "This file is @generated automatically"
    ],
    "content-hash": "b9dbb8082137aba7530502216eab2356",
    "packages": [
        {
            "name": "joshtronic/php-loremipsum",
            "version": "2.1.0",
            "source": {
                "type": "git",
                "url": "https://github.com/joshtronic/php-loremipsum.git",
                "reference": "6d7f8cff6a092a53d66b5237edbe97d398b14f88"
            },
            "dist": {
                "type": "zip",
                "url": "https://api.github.com/repos/joshtronic/php-loremipsum/zipball/6d7f8cff6a092a53d66b5237edbe97d398b14f88",
                "reference": "6d7f8cff6a092a53d66b5237edbe97d398b14f88",
                "shasum": ""
            },
            "require": {
                "php": ">=5.3"
            },
            "require-dev": {
                "phpunit/phpunit": "^4.8.36 || ^9.0"
            },
            "type": "library",
            "autoload": {
                "psr-4": {
                    "joshtronic\\": "src/"
                }
            },
            "notification-url": "https://packagist.org/downloads/",
            "license": [
                "MIT"
            ],
            "authors": [
                {
                    "name": "Josh Sherman",
                    "email": "hello@joshtronic.com",
                    "homepage": "https://joshtronic.com"
                }
            ],
            "description": "Lorem ipsum generator in PHP without dependencies",
            "homepage": "https://github.com/joshtronic/php-loremipsum",
            "keywords": [
                "generator",
                "ipsum",
                "lorem"
            ],
            "support": {
                "issues": "https://github.com/joshtronic/php-loremipsum/issues",
                "source": "https://github.com/joshtronic/php-loremipsum/tree/2.1.0"
            },
            "time": "2022-01-23T23:27:44+00:00"
        },
        {
            "name": "phpstan/phpstan",
            "version": "1.10.37",
            "source": {
                "type": "git",
                "url": "https://github.com/phpstan/phpstan.git",
                "reference": "058ba07e92f744d4dcf6061ae75283d0c6456f2e"
            },
            "dist": {
                "type": "zip",
                "url": "https://api.github.com/repos/phpstan/phpstan/zipball/058ba07e92f744d4dcf6061ae75283d0c6456f2e",
                "reference": "058ba07e92f744d4dcf6061ae75283d0c6456f2e",
                "shasum": ""
            },
            "require": {
                "php": "^7.2|^8.0"
            },
            "conflict": {
                "phpstan/phpstan-shim": "*"
            },
            "bin": [
                "phpstan",
                "phpstan.phar"
            ],
            "type": "library",
            "autoload": {
                "files": [
                    "bootstrap.php"
                ]
            },
            "notification-url": "https://packagist.org/downloads/",
            "license": [
                "MIT"
            ],
            "description": "PHPStan - PHP Static Analysis Tool",
            "keywords": [
                "dev",
                "static analysis"
            ],
            "support": {
                "docs": "https://phpstan.org/user-guide/getting-started",
                "forum": "https://github.com/phpstan/phpstan/discussions",
                "issues": "https://github.com/phpstan/phpstan/issues",
                "security": "https://github.com/phpstan/phpstan/security/policy",
                "source": "https://github.com/phpstan/phpstan-src"
            },
            "funding": [
                {
                    "url": "https://github.com/ondrejmirtes",
                    "type": "github"
                },
                {
                    "url": "https://github.com/phpstan",
                    "type": "github"
                },
                {
                    "url": "https://tidelift.com/funding/github/packagist/phpstan/phpstan",
                    "type": "tidelift"
                }
            ],
            "time": "2023-10-02T16:18:37+00:00"
        }
    ],
    "packages-dev": [],
    "aliases": [],
    "minimum-stability": "stable",
    "stability-flags": [],
    "prefer-stable": false,
    "prefer-lowest": false,
    "platform": [],
    "platform-dev": [],
    "plugin-api-version": "2.3.0"
}
